
Microsoft Visual Studio Solution File, Format Version 12.00
# Visual Studio Version 17
VisualStudioVersion = 17.6.33829.357
MinimumVisualStudioVersion = 10.0.40219.1
Project("{FAE04EC0-301F-11D3-BF4B-00C04F79EFBC}") = "AListEmp", "AListEmp\AListEmp.csproj", "{273D80F2-DE77-4543-B895-0ABA1BA3823F}"
EndProject
Global
	GlobalSection(SolutionConfigurationPlatforms) = preSolution
		Debug|Any CPU = Debug|Any CPU
		Release|Any CPU = Release|Any CPU
	EndGlobalSection
	GlobalSection(ProjectConfigurationPlatforms) = postSolution
		{273D80F2-DE77-4543-B895-0ABA1BA3823F}.Debug|Any CPU.ActiveCfg = Debug|Any CPU
		{273D80F2-DE77-4543-B895-0ABA1BA3823F}.Debug|Any CPU.Build.0 = Debug|Any CPU
		{273D80F2-DE77-4543-B895-0ABA1BA3823F}.Release|Any CPU.ActiveCfg = Release|Any CPU
		{273D80F2-DE77-4543-B895-0ABA1BA3823F}.Release|Any CPU.Build.0 = Release|Any CPU
	EndGlobalSection
	GlobalSection(SolutionProperties) = preSolution
		HideSolutionNode = FALSE
	EndGlobalSection
	GlobalSection(ExtensibilityGlobals) = postSolution
		SolutionGuid = {3D7BA885-4559-48E2-8699-196103EBDF6E}
	EndGlobalSection
EndGlobal
